
Microsoft Visual Studio Solution File, Format Version 12.00
# Visual Studio 15
VisualStudioVersion = 15.0.26228.9
MinimumVisualStudioVersion = 10.0.40219.1
Project("{CC5FD16D-436D-48AD-A40C-5A424C6E3E79}") = "MyCloude", "MyCloude\MyCloude.ccproj", "{2F3E96DB-E2AF-462F-AD25-4DAFF934F4FC}"
EndProject
Project("{FAE04EC0-301F-11D3-BF4B-00C04F79EFBC}") = "WebRole", "WebRole\WebRole.csproj", "{9B76230C-1E92-4BEA-8C1A-DF13D6FDEBC1}"
EndProject
Project("{FAE04EC0-301F-11D3-BF4B-00C04F79EFBC}") = "WebRole.Tests", "WebRole.Tests\WebRole.Tests.csproj", "{AA96973C-3AD7-4AEB-ABB0-77E313E3D32F}"
EndProject
Global
	GlobalSection(SolutionConfigurationPlatforms) = preSolution
		Debug|Any CPU = Debug|Any CPU
		Release|Any CPU = Release|Any CPU
	EndGlobalSection
	GlobalSection(ProjectConfigurationPlatforms) = postSolution
		{2F3E96DB-E2AF-462F-AD25-4DAFF934F4FC}.Debug|Any CPU.ActiveCfg = Debug|Any CPU
		{2F3E96DB-E2AF-462F-AD25-4DAFF934F4FC}.Debug|Any CPU.Build.0 = Debug|Any CPU
		{2F3E96DB-E2AF-462F-AD25-4DAFF934F4FC}.Release|Any CPU.ActiveCfg = Release|Any CPU
		{2F3E96DB-E2AF-462F-AD25-4DAFF934F4FC}.Release|Any CPU.Build.0 = Release|Any CPU
		{9B76230C-1E92-4BEA-8C1A-DF13D6FDEBC1}.Debug|Any CPU.ActiveCfg = Debug|Any CPU
		{9B76230C-1E92-4BEA-8C1A-DF13D6FDEBC1}.Debug|Any CPU.Build.0 = Debug|Any CPU
		{9B76230C-1E92-4BEA-8C1A-DF13D6FDEBC1}.Release|Any CPU.ActiveCfg = Release|Any CPU
		{9B76230C-1E92-4BEA-8C1A-DF13D6FDEBC1}.Release|Any CPU.Build.0 = Release|Any CPU
		{AA96973C-3AD7-4AEB-ABB0-77E313E3D32F}.Debug|Any CPU.ActiveCfg = Debug|Any CPU
		{AA96973C-3AD7-4AEB-ABB0-77E313E3D32F}.Debug|Any CPU.Build.0 = Debug|Any CPU
		{AA96973C-3AD7-4AEB-ABB0-77E313E3D32F}.Release|Any CPU.ActiveCfg = Release|Any CPU
		{AA96973C-3AD7-4AEB-ABB0-77E313E3D32F}.Release|Any CPU.Build.0 = Release|Any CPU
	EndGlobalSection
	GlobalSection(SolutionProperties) = preSolution
		HideSolutionNode = FALSE
	EndGlobalSection
EndGlobal
